// !$*UTF8*$!
{
	archiveVersion = 1;
	classes = {
	};
	objectVersion = 56;
	objects = {

/* Begin PBXBuildFile section */
		67556C3B2CDDD6AA00AC3746 /* AppDelegate.swift in Sources */ = {isa = PBXBuildFile; fileRef = 67556C3A2CDDD6AA00AC3746 /* AppDelegate.swift */; };
		67556C3D2CDDD6AA00AC3746 /* SceneDelegate.swift in Sources */ = {isa = PBXBuildFile; fileRef = 67556C3C2CDDD6AA00AC3746 /* SceneDelegate.swift */; };
		67556C3F2CDDD6AA00AC3746 /* ViewController.swift in Sources */ = {isa = PBXBuildFile; fileRef = 67556C3E2CDDD6AA00AC3746 /* ViewController.swift */; };
		67556C422CDDD6AA00AC3746 /* Base in Resources */ = {isa = PBXBuildFile; fileRef = 67556C412CDDD6AA00AC3746 /* Base */; };
		67556C442CDDD6AC00AC3746 /* Assets.xcassets in Resources */ = {isa = PBXBuildFile; fileRef = 67556C432CDDD6AC00AC3746 /* Assets.xcassets */; };
		67556C472CDDD6AC00AC3746 /* Base in Resources */ = {isa = PBXBuildFile; fileRef = 67556C462CDDD6AC00AC3746 /* Base */; };
		67556C4F2CDDD6F800AC3746 /* AlignedCollectionViewCell.swift in Sources */ = {isa = PBXBuildFile; fileRef = 67556C4E2CDDD6F800AC3746 /* AlignedCollectionViewCell.swift */; };
		67556C512CDDD71700AC3746 /* AlignedCollectionViewLayout.swift in Sources */ = {isa = PBXBuildFile; fileRef = 67556C502CDDD71700AC3746 /* AlignedCollectionViewLayout.swift */; };
		67556C532CDE327800AC3746 /* AlignedCollectionViewModels.swift in Sources */ = {isa = PBXBuildFile; fileRef = 67556C522CDE327800AC3746 /* AlignedCollectionViewModels.swift */; };
		67556C552CDE32A000AC3746 /* Constants.swift in Sources */ = {isa = PBXBuildFile; fileRef = 67556C542CDE32A000AC3746 /* Constants.swift */; };
/* End PBXBuildFile section */

/* Begin PBXFileReference section */
		67556C372CDDD6AA00AC3746 /* AlignedCollectionViewLayout.app */ = {isa = PBXFileReference; explicitFileType = wrapper.application; includeInIndex = 0; path = AlignedCollectionViewLayout.app; sourceTree = BUILT_PRODUCTS_DIR; };
		67556C3A2CDDD6AA00AC3746 /* AppDelegate.swift */ = {isa = PBXFileReference; lastKnownFileType = sourcecode.swift; path = AppDelegate.swift; sourceTree = "<group>"; };
		67556C3C2CDDD6AA00AC3746 /* SceneDelegate.swift */ = {isa = PBXFileReference; lastKnownFileType = sourcecode.swift; path = SceneDelegate.swift; sourceTree = "<group>"; };
		67556C3E2CDDD6AA00AC3746 /* ViewController.swift */ = {isa = PBXFileReference; lastKnownFileType = sourcecode.swift; path = ViewController.swift; sourceTree = "<group>"; };
		67556C412CDDD6AA00AC3746 /* Base */ = {isa = PBXFileReference; lastKnownFileType = file.storyboard; name = Base; path = Base.lproj/Main.storyboard; sourceTree = "<group>"; };
		67556C432CDDD6AC00AC3746 /* Assets.xcassets */ = {isa = PBXFileReference; lastKnownFileType = folder.assetcatalog; path = Assets.xcassets; sourceTree = "<group>"; };
		67556C462CDDD6AC00AC3746 /* Base */ = {isa = PBXFileReference; lastKnownFileType = file.storyboard; name = Base; path = Base.lproj/LaunchScreen.storyboard; sourceTree = "<group>"; };
		67556C482CDDD6AC00AC3746 /* Info.plist */ = {isa = PBXFileReference; lastKnownFileType = text.plist.xml; path = Info.plist; sourceTree = "<group>"; };
		67556C4E2CDDD6F800AC3746 /* AlignedCollectionViewCell.swift */ = {isa = PBXFileReference; lastKnownFileType = sourcecode.swift; path = AlignedCollectionViewCell.swift; sourceTree = "<group>"; };
		67556C502CDDD71700AC3746 /* AlignedCollectionViewLayout.swift */ = {isa = PBXFileReference; lastKnownFileType = sourcecode.swift; path = AlignedCollectionViewLayout.swift; sourceTree = "<group>"; };
		67556C522CDE327800AC3746 /* AlignedCollectionViewModels.swift */ = {isa = PBXFileReference; lastKnownFileType = sourcecode.swift; path = AlignedCollectionViewModels.swift; sourceTree = "<group>"; };
		67556C542CDE32A000AC3746 /* Constants.swift */ = {isa = PBXFileReference; lastKnownFileType = sourcecode.swift; path = Constants.swift; sourceTree = "<group>"; };
/* End PBXFileReference section */

/* Begin PBXFrameworksBuildPhase section */
		67556C342CDDD6AA00AC3746 /* Frameworks */ = {
			isa = PBXFrameworksBuildPhase;
			buildActionMask = 2147483647;
			files = (
			);
			runOnlyForDeploymentPostprocessing = 0;
		};
/* End PBXFrameworksBuildPhase section */

/* Begin PBXGroup section */
		67556C2E2CDDD6AA00AC3746 = {
			isa = PBXGroup;
			children = (
				67556C392CDDD6AA00AC3746 /* AlignedCollectionViewLayout */,
				67556C382CDDD6AA00AC3746 /* Products */,
			);
			sourceTree = "<group>";
		};
		67556C382CDDD6AA00AC3746 /* Products */ = {
			isa = PBXGroup;
			children = (
				67556C372CDDD6AA00AC3746 /* AlignedCollectionViewLayout.app */,
			);
			name = Products;
			sourceTree = "<group>";
		};
		67556C392CDDD6AA00AC3746 /* AlignedCollectionViewLayout */ = {
			isa = PBXGroup;
			children = (
				67556C3A2CDDD6AA00AC3746 /* AppDelegate.swift */,
				67556C3C2CDDD6AA00AC3746 /* SceneDelegate.swift */,
				67556C3E2CDDD6AA00AC3746 /* ViewController.swift */,
				67556C402CDDD6AA00AC3746 /* Main.storyboard */,
				67556C432CDDD6AC00AC3746 /* Assets.xcassets */,
				67556C452CDDD6AC00AC3746 /* LaunchScreen.storyboard */,
				67556C482CDDD6AC00AC3746 /* Info.plist */,
				67556C4E2CDDD6F800AC3746 /* AlignedCollectionViewCell.swift */,
				67556C502CDDD71700AC3746 /* AlignedCollectionViewLayout.swift */,
				67556C522CDE327800AC3746 /* AlignedCollectionViewModels.swift */,
				67556C542CDE32A000AC3746 /* Constants.swift */,
			);
			path = AlignedCollectionViewLayout;
			sourceTree = "<group>";
		};
/* End PBXGroup section */

/* Begin PBXNativeTarget section */
		67556C362CDDD6AA00AC3746 /* AlignedCollectionViewLayout */ = {
			isa = PBXNativeTarget;
			buildConfigurationList = 67556C4B2CDDD6AC00AC3746 /* Build configuration list for PBXNativeTarget "AlignedCollectionViewLayout" */;
			buildPhases = (
				67556C332CDDD6AA00AC3746 /* Sources */,
				67556C342CDDD6AA00AC3746 /* Frameworks */,
				67556C352CDDD6AA00AC3746 /* Resources */,
			);
			buildRules = (
			);
			dependencies = (
			);
			name = AlignedCollectionViewLayout;
			productName = AlignedCollectionViewLayout;
			productReference = 67556C372CDDD6AA00AC3746 /* AlignedCollectionViewLayout.app */;
			productType = "com.apple.product-type.application";
		};
/* End PBXNativeTarget section */

/* Begin PBXProject section */
		67556C2F2CDDD6AA00AC3746 /* Project object */ = {
			isa = PBXProject;
			attributes = {
				BuildIndependentTargetsInParallel = 1;
				LastSwiftUpdateCheck = 1540;
				LastUpgradeCheck = 1540;
				TargetAttributes = {
					67556C362CDDD6AA00AC3746 = {
						CreatedOnToolsVersion = 15.4;
					};
				};
			};
			buildConfigurationList = 67556C322CDDD6AA00AC3746 /* Build configuration list for PBXProject "AlignedCollectionViewLayout" */;
			compatibilityVersion = "Xcode 14.0";
			developmentRegion = en;
			hasScannedForEncodings = 0;
			knownRegions = (
				en,
				Base,
			);
			mainGroup = 67556C2E2CDDD6AA00AC3746;
			productRefGroup = 67556C382CDDD6AA00AC3746 /* Products */;
			projectDirPath = "";
			projectRoot = "";
			targets = (
				67556C362CDDD6AA00AC3746 /* AlignedCollectionViewLayout */,
			);
		};
/* End PBXProject section */

/* Begin PBXResourcesBuildPhase section */
		67556C352CDDD6AA00AC3746 /* Resources */ = {
			isa = PBXResourcesBuildPhase;
			buildActionMask = 2147483647;
			files = (
				67556C442CDDD6AC00AC3746 /* Assets.xcassets in Resources */,
				67556C472CDDD6AC00AC3746 /* Base in Resources */,
				67556C422CDDD6AA00AC3746 /* Base in Resources */,
			);
			runOnlyForDeploymentPostprocessing = 0;
		};
/* End PBXResourcesBuildPhase section */

/* Begin PBXSourcesBuildPhase section */
		67556C332CDDD6AA00AC3746 /* Sources */ = {
			isa = PBXSourcesBuildPhase;
			buildActionMask = 2147483647;
			files = (
				67556C3F2CDDD6AA00AC3746 /* ViewController.swift in Sources */,
				67556C512CDDD71700AC3746 /* AlignedCollectionViewLayout.swift in Sources */,
				67556C4F2CDDD6F800AC3746 /* AlignedCollectionViewCell.swift in Sources */,
				67556C532CDE327800AC3746 /* AlignedCollectionViewModels.swift in Sources */,
				67556C552CDE32A000AC3746 /* Constants.swift in Sources */,
				67556C3B2CDDD6AA00AC3746 /* AppDelegate.swift in Sources */,
				67556C3D2CDDD6AA00AC3746 /* SceneDelegate.swift in Sources */,
			);
			runOnlyForDeploymentPostprocessing = 0;
		};
/* End PBXSourcesBuildPhase section */

/* Begin PBXVariantGroup section */
		67556C402CDDD6AA00AC3746 /* Main.storyboard */ = {
			isa = PBXVariantGroup;
			children = (
				67556C412CDDD6AA00AC3746 /* Base */,
			);
			name = Main.storyboard;
			sourceTree = "<group>";
		};
		67556C452CDDD6AC00AC3746 /* LaunchScreen.storyboard */ = {
			isa = PBXVariantGroup;
			children = (
				67556C462CDDD6AC00AC3746 /* Base */,
			);
			name = LaunchScreen.storyboard;
			sourceTree = "<group>";
		};
/* End PBXVariantGroup section */

/* Begin XCBuildConfiguration section */
		67556C492CDDD6AC00AC3746 /* Debug */ = {
			isa = XCBuildConfiguration;
			buildSettings = {
				ALWAYS_SEARCH_USER_PATHS = NO;
				ASSETCATALOG_COMPILER_GENERATE_SWIFT_ASSET_SYMBOL_EXTENSIONS = YES;
				CLANG_ANALYZER_NONNULL = YES;
				CLANG_ANALYZER_NUMBER_OBJECT_CONVERSION = YES_AGGRESSIVE;
				CLANG_CXX_LANGUAGE_STANDARD = "gnu++20";
				CLANG_ENABLE_MODULES = YES;
				CLANG_ENABLE_OBJC_ARC = YES;
				CLANG_ENABLE_OBJC_WEAK = YES;
				CLANG_WARN_BLOCK_CAPTURE_AUTORELEASING = YES;
				CLANG_WARN_BOOL_CONVERSION = YES;
				CLANG_WARN_COMMA = YES;
				CLANG_WARN_CONSTANT_CONVERSION = YES;
				CLANG_WARN_DEPRECATED_OBJC_IMPLEMENTATIONS = YES;
				CLANG_WARN_DIRECT_OBJC_ISA_USAGE = YES_ERROR;
				CLANG_WARN_DOCUMENTATION_COMMENTS = YES;
				CLANG_WARN_EMPTY_BODY = YES;
				CLANG_WARN_ENUM_CONVERSION = YES;
				CLANG_WARN_INFINITE_RECURSION = YES;
				CLANG_WARN_INT_CONVERSION = YES;
				CLANG_WARN_NON_LITERAL_NULL_CONVERSION = YES;
				CLANG_WARN_OBJC_IMPLICIT_RETAIN_SELF = YES;
				CLANG_WARN_OBJC_LITERAL_CONVERSION = YES;
				CLANG_WARN_OBJC_ROOT_CLASS = YES_ERROR;
				CLANG_WARN_QUOTED_INCLUDE_IN_FRAMEWORK_HEADER = YES;
				CLANG_WARN_RANGE_LOOP_ANALYSIS = YES;
				CLANG_WARN_STRICT_PROTOTYPES = YES;
				CLANG_WARN_SUSPICIOUS_MOVE = YES;
				CLANG_WARN_UNGUARDED_AVAILABILITY = YES_AGGRESSIVE;
				CLANG_WARN_UNREACHABLE_CODE = YES;
				CLANG_WARN__DUPLICATE_METHOD_MATCH = YES;
				COPY_PHASE_STRIP = NO;
				DEBUG_INFORMATION_FORMAT = dwarf;
				ENABLE_STRICT_OBJC_MSGSEND = YES;
				ENABLE_TESTABILITY = YES;
				ENABLE_USER_SCRIPT_SANDBOXING = YES;
				GCC_C_LANGUAGE_STANDARD = gnu17;
				GCC_DYNAMIC_NO_PIC = NO;
				GCC_NO_COMMON_BLOCKS = YES;
				GCC_OPTIMIZATION_LEVEL = 0;
				GCC_PREPROCESSOR_DEFINITIONS = (
					"DEBUG=1",
					"$(inherited)",
				);
				GCC_WARN_64_TO_32_BIT_CONVERSION = YES;
				GCC_WARN_ABOUT_RETURN_TYPE = YES_ERROR;
				GCC_WARN_UNDECLARED_SELECTOR = YES;
				GCC_WARN_UNINITIALIZED_AUTOS = YES_AGGRESSIVE;
				GCC_WARN_UNUSED_FUNCTION = YES;
				GCC_WARN_UNUSED_VARIABLE = YES;
				IPHONEOS_DEPLOYMENT_TARGET = 17.5;
				LOCALIZATION_PREFERS_STRING_CATALOGS = YES;
				MTL_ENABLE_DEBUG_INFO = INCLUDE_SOURCE;
				MTL_FAST_MATH = YES;
				ONLY_ACTIVE_ARCH = YES;
				SDKROOT = iphoneos;
				SWIFT_ACTIVE_COMPILATION_CONDITIONS = "DEBUG $(inherited)";
				SWIFT_OPTIMIZATION_LEVEL = "-Onone";
			};
			name = Debug;
		};
		67556C4A2CDDD6AC00AC3746 /* Release */ = {
			isa = XCBuildConfiguration;
			buildSettings = {
				ALWAYS_SEARCH_USER_PATHS = NO;
				ASSETCATALOG_COMPILER_GENERATE_SWIFT_ASSET_SYMBOL_EXTENSIONS = YES;
				CLANG_ANALYZER_NONNULL = YES;
				CLANG_ANALYZER_NUMBER_OBJECT_CONVERSION = YES_AGGRESSIVE;
				CLANG_CXX_LANGUAGE_STANDARD = "gnu++20";
				CLANG_ENABLE_MODULES = YES;
				CLANG_ENABLE_OBJC_ARC = YES;
				CLANG_ENABLE_OBJC_WEAK = YES;
				CLANG_WARN_BLOCK_CAPTURE_AUTORELEASING = YES;
				CLANG_WARN_BOOL_CONVERSION = YES;
				CLANG_WARN_COMMA = YES;
				CLANG_WARN_CONSTANT_CONVERSION = YES;
				CLANG_WARN_DEPRECATED_OBJC_IMPLEMENTATIONS = YES;
				CLANG_WARN_DIRECT_OBJC_ISA_USAGE = YES_ERROR;
				CLANG_WARN_DOCUMENTATION_COMMENTS = YES;
				CLANG_WARN_EMPTY_BODY = YES;
				CLANG_WARN_ENUM_CONVERSION = YES;
				CLANG_WARN_INFINITE_RECURSION = YES;
				CLANG_WARN_INT_CONVERSION = YES;
				CLANG_WARN_NON_LITERAL_NULL_CONVERSION = YES;
				CLANG_WARN_OBJC_IMPLICIT_RETAIN_SELF = YES;
				CLANG_WARN_OBJC_LITERAL_CONVERSION = YES;
				CLANG_WARN_OBJC_ROOT_CLASS = YES_ERROR;
				CLANG_WARN_QUOTED_INCLUDE_IN_FRAMEWORK_HEADER = YES;
				CLANG_WARN_RANGE_LOOP_ANALYSIS = YES;
				CLANG_WARN_STRICT_PROTOTYPES = YES;
				CLANG_WARN_SUSPICIOUS_MOVE = YES;
				CLANG_WARN_UNGUARDED_AVAILABILITY = YES_AGGRESSIVE;
				CLANG_WARN_UNREACHABLE_CODE = YES;
				CLANG_WARN__DUPLICATE_METHOD_MATCH = YES;
				COPY_PHASE_STRIP = NO;
				DEBUG_INFORMATION_FORMAT = "dwarf-with-dsym";
				ENABLE_NS_ASSERTIONS = NO;
				ENABLE_STRICT_OBJC_MSGSEND = YES;
				ENABLE_USER_SCRIPT_SANDBOXING = YES;
				GCC_C_LANGUAGE_STANDARD = gnu17;
				GCC_NO_COMMON_BLOCKS = YES;
				GCC_WARN_64_TO_32_BIT_CONVERSION = YES;
				GCC_WARN_ABOUT_RETURN_TYPE = YES_ERROR;
				GCC_WARN_UNDECLARED_SELECTOR = YES;
				GCC_WARN_UNINITIALIZED_AUTOS = YES_AGGRESSIVE;
				GCC_WARN_UNUSED_FUNCTION = YES;
				GCC_WARN_UNUSED_VARIABLE = YES;
				IPHONEOS_DEPLOYMENT_TARGET = 17.5;
				LOCALIZATION_PREFERS_STRING_CATALOGS = YES;
				MTL_ENABLE_DEBUG_INFO = NO;
				MTL_FAST_MATH = YES;
				SDKROOT = iphoneos;
				SWIFT_COMPILATION_MODE = wholemodule;
				VALIDATE_PRODUCT = YES;
			};
			name = Release;
		};
		67556C4C2CDDD6AC00AC3746 /* Debug */ = {
			isa = XCBuildConfiguration;
			buildSettings = {
				ASSETCATALOG_COMPILER_APPICON_NAME = AppIcon;
				ASSETCATALOG_COMPILER_GLOBAL_ACCENT_COLOR_NAME = AccentColor;
				CODE_SIGN_STYLE = Automatic;
				CURRENT_PROJECT_VERSION = 1;
				DEVELOPMENT_TEAM = 34Y2GSYL6U;
				GENERATE_INFOPLIST_FILE = YES;
				INFOPLIST_FILE = AlignedCollectionViewLayout/Info.plist;
				INFOPLIST_KEY_UIApplicationSupportsIndirectInputEvents = YES;
				INFOPLIST_KEY_UILaunchStoryboardName = LaunchScreen;
				INFOPLIST_KEY_UIMainStoryboardFile = Main;
				INFOPLIST_KEY_UISupportedInterfaceOrientations_iPad = "UIInterfaceOrientationPortrait UIInterfaceOrientationPortraitUpsideDown UIInterfaceOrientationLandscapeLeft UIInterfaceOrientationLandscapeRight";
				INFOPLIST_KEY_UISupportedInterfaceOrientations_iPhone = "UIInterfaceOrientationPortrait UIInterfaceOrientationLandscapeLeft UIInterfaceOrientationLandscapeRight";
				LD_RUNPATH_SEARCH_PATHS = (
					"$(inherited)",
					"@executable_path/Frameworks",
				);
				MARKETING_VERSION = 1.0;
				PRODUCT_BUNDLE_IDENTIFIER = sofya.avtsinova.AlignedCollectionViewLayout;
				PRODUCT_NAME = "$(TARGET_NAME)";
				SWIFT_EMIT_LOC_STRINGS = YES;
				SWIFT_VERSION = 5.0;
				TARGETED_DEVICE_FAMILY = "1,2";
			};
			name = Debug;
		};
		67556C4D2CDDD6AC00AC3746 /* Release */ = {
			isa = XCBuildConfiguration;
			buildSettings = {
				ASSETCATALOG_COMPILER_APPICON_NAME = AppIcon;
				ASSETCATALOG_COMPILER_GLOBAL_ACCENT_COLOR_NAME = AccentColor;
				CODE_SIGN_STYLE = Automatic;
				CURRENT_PROJECT_VERSION = 1;
				DEVELOPMENT_TEAM = 34Y2GSYL6U;
				GENERATE_INFOPLIST_FILE = YES;
				INFOPLIST_FILE = AlignedCollectionViewLayout/Info.plist;
				INFOPLIST_KEY_UIApplicationSupportsIndirectInputEvents = YES;
				INFOPLIST_KEY_UILaunchStoryboardName = LaunchScreen;
				INFOPLIST_KEY_UIMainStoryboardFile = Main;
				INFOPLIST_KEY_UISupportedInterfaceOrientations_iPad = "UIInterfaceOrientationPortrait UIInterfaceOrientationPortraitUpsideDown UIInterfaceOrientationLandscapeLeft UIInterfaceOrientationLandscapeRight";
				INFOPLIST_KEY_UISupportedInterfaceOrientations_iPhone = "UIInterfaceOrientationPortrait UIInterfaceOrientationLandscapeLeft UIInterfaceOrientationLandscapeRight";
				LD_RUNPATH_SEARCH_PATHS = (
					"$(inherited)",
					"@executable_path/Frameworks",
				);
				MARKETING_VERSION = 1.0;
				PRODUCT_BUNDLE_IDENTIFIER = sofya.avtsinova.AlignedCollectionViewLayout;
				PRODUCT_NAME = "$(TARGET_NAME)";
				SWIFT_EMIT_LOC_STRINGS = YES;
				SWIFT_VERSION = 5.0;
				TARGETED_DEVICE_FAMILY = "1,2";
			};
			name = Release;
		};
/* End XCBuildConfiguration section */

/* Begin XCConfigurationList section */
		67556C322CDDD6AA00AC3746 /* Build configuration list for PBXProject "AlignedCollectionViewLayout" */ = {
			isa = XCConfigurationList;
			buildConfigurations = (
				67556C492CDDD6AC00AC3746 /* Debug */,
				67556C4A2CDDD6AC00AC3746 /* Release */,
			);
			defaultConfigurationIsVisible = 0;
			defaultConfigurationName = Release;
		};
		67556C4B2CDDD6AC00AC3746 /* Build configuration list for PBXNativeTarget "AlignedCollectionViewLayout" */ = {
			isa = XCConfigurationList;
			buildConfigurations = (
				67556C4C2CDDD6AC00AC3746 /* Debug */,
				67556C4D2CDDD6AC00AC3746 /* Release */,
			);
			defaultConfigurationIsVisible = 0;
			defaultConfigurationName = Release;
		};
/* End XCConfigurationList section */
	};
	rootObject = 67556C2F2CDDD6AA00AC3746 /* Project object */;
}
